// !$*UTF8*$!
{
	archiveVersion = 1;
	classes = {
	};
	objectVersion = 46;
	objects = {

/* Begin PBXBuildFile section */
		C83F28431A9D924A00E3DA7B /* Transaction.m in Sources */ = {isa = PBXBuildFile; fileRef = C83F28421A9D924A00E3DA7B /* Transaction.m */; };
		C83F28481A9D927C00E3DA7B /* ListItemsTransaction.m in Sources */ = {isa = PBXBuildFile; fileRef = C83F28471A9D927C00E3DA7B /* ListItemsTransaction.m */; };
		C83F28501A9E847700E3DA7B /* ListItemsTransactionSpy.m in Sources */ = {isa = PBXBuildFile; fileRef = C83F284F1A9E847700E3DA7B /* ListItemsTransactionSpy.m */; };
		C83F28531AA047C100E3DA7B /* ListItemsPresenterTests.m in Sources */ = {isa = PBXBuildFile; fileRef = C83F28521AA047C100E3DA7B /* ListItemsPresenterTests.m */; };
		C83F28571AA04CC900E3DA7B /* ListItemsPresenter.m in Sources */ = {isa = PBXBuildFile; fileRef = C83F28561AA04CC900E3DA7B /* ListItemsPresenter.m */; };
		C83F285D1AA4585F00E3DA7B /* ListItemsViewControllerTests.m in Sources */ = {isa = PBXBuildFile; fileRef = C83F285C1AA4585F00E3DA7B /* ListItemsViewControllerTests.m */; };
		C83F28601AA45BD300E3DA7B /* ListItemsViewController.m in Sources */ = {isa = PBXBuildFile; fileRef = C83F285F1AA45BD300E3DA7B /* ListItemsViewController.m */; };
		C83F28691AA8A03E00E3DA7B /* ListItemsCellTest.m in Sources */ = {isa = PBXBuildFile; fileRef = C83F28681AA8A03E00E3DA7B /* ListItemsCellTest.m */; };
		C84399C81AA9926D0084C73D /* ListItemsCellDelegateSpy.m in Sources */ = {isa = PBXBuildFile; fileRef = C84399C71AA9926D0084C73D /* ListItemsCellDelegateSpy.m */; };
		C84399CC1AAD7DBF0084C73D /* AppDelegateStub.m in Sources */ = {isa = PBXBuildFile; fileRef = C84399CB1AAD7DBF0084C73D /* AppDelegateStub.m */; };
		C84399CF1AAD84DE0084C73D /* ItemDetailsTransactionTests.m in Sources */ = {isa = PBXBuildFile; fileRef = C84399CE1AAD84DE0084C73D /* ItemDetailsTransactionTests.m */; };
		C84399D41AAD88950084C73D /* ItemDetailsTransaction.m in Sources */ = {isa = PBXBuildFile; fileRef = C84399D31AAD88950084C73D /* ItemDetailsTransaction.m */; };
		C84399D91AAD8CFD0084C73D /* ItemRepositoryStub.m in Sources */ = {isa = PBXBuildFile; fileRef = C84399D81AAD8CFD0084C73D /* ItemRepositoryStub.m */; };
		C84399DC1AAE742C0084C73D /* ItemDetailsTransactionSpy.m in Sources */ = {isa = PBXBuildFile; fileRef = C84399DB1AAE742C0084C73D /* ItemDetailsTransactionSpy.m */; };
		C84399E01AAE7FFD0084C73D /* SelectItemTransaction.m in Sources */ = {isa = PBXBuildFile; fileRef = C84399DF1AAE7FFD0084C73D /* SelectItemTransaction.m */; };
		C84399E41AAE80D10084C73D /* SelectItemTransactionSpy.m in Sources */ = {isa = PBXBuildFile; fileRef = C84399E31AAE80D10084C73D /* SelectItemTransactionSpy.m */; };
		C84399E81AAE86640084C73D /* SelectItemTransactionTests.m in Sources */ = {isa = PBXBuildFile; fileRef = C84399E71AAE86640084C73D /* SelectItemTransactionTests.m */; };
		C84399EB1AAEBA500084C73D /* ItemDetailsNavigator.m in Sources */ = {isa = PBXBuildFile; fileRef = C84399EA1AAEBA500084C73D /* ItemDetailsNavigator.m */; };
		C84399EE1AAEC2660084C73D /* ListItemNavigatorTests.m in Sources */ = {isa = PBXBuildFile; fileRef = C84399ED1AAEC2660084C73D /* ListItemNavigatorTests.m */; };
		C84399F21AAEC4100084C73D /* SpyNavigatorFactory.m in Sources */ = {isa = PBXBuildFile; fileRef = C84399F11AAEC4100084C73D /* SpyNavigatorFactory.m */; };
		C84622AC1A9ADF1D00520FE1 /* ItemRepositoryTests.m in Sources */ = {isa = PBXBuildFile; fileRef = C84622AB1A9ADF1D00520FE1 /* ItemRepositoryTests.m */; };
		C84622AF1A9AE10D00520FE1 /* JSONDataSource.m in Sources */ = {isa = PBXBuildFile; fileRef = C84622AE1A9AE10D00520FE1 /* JSONDataSource.m */; };
		C84622B21A9AE12800520FE1 /* DataSourceTests.m in Sources */ = {isa = PBXBuildFile; fileRef = C84622B11A9AE12800520FE1 /* DataSourceTests.m */; };
		C84622B91A9AECC200520FE1 /* ItemRepositorySpy.m in Sources */ = {isa = PBXBuildFile; fileRef = C84622B81A9AECC200520FE1 /* ItemRepositorySpy.m */; };
		C84622BD1A9AECFB00520FE1 /* ItemRepository.m in Sources */ = {isa = PBXBuildFile; fileRef = C84622BC1A9AECFB00520FE1 /* ItemRepository.m */; };
		C84622C01A9AED8100520FE1 /* ItemList.json in Resources */ = {isa = PBXBuildFile; fileRef = C84622BF1A9AED8100520FE1 /* ItemList.json */; };
		DE119D491A997FC700FEEBCB /* main.m in Sources */ = {isa = PBXBuildFile; fileRef = DE119D481A997FC700FEEBCB /* main.m */; };
		DE119D4C1A997FC700FEEBCB /* AppDelegate.m in Sources */ = {isa = PBXBuildFile; fileRef = DE119D4B1A997FC700FEEBCB /* AppDelegate.m */; };
		DE119D521A997FC700FEEBCB /* Main.storyboard in Resources */ = {isa = PBXBuildFile; fileRef = DE119D501A997FC700FEEBCB /* Main.storyboard */; };
		DE119D541A997FC700FEEBCB /* Images.xcassets in Resources */ = {isa = PBXBuildFile; fileRef = DE119D531A997FC700FEEBCB /* Images.xcassets */; };
		DE119D571A997FC700FEEBCB /* LaunchScreen.xib in Resources */ = {isa = PBXBuildFile; fileRef = DE119D551A997FC700FEEBCB /* LaunchScreen.xib */; };
		DEAE561B1A9B71B700D9C3D2 /* Item.m in Sources */ = {isa = PBXBuildFile; fileRef = DEAE561A1A9B71B700D9C3D2 /* Item.m */; };
		DEAE561F1AA202EF00D9C3D2 /* ListItemsPresenterSpy.m in Sources */ = {isa = PBXBuildFile; fileRef = DEAE561E1AA202EF00D9C3D2 /* ListItemsPresenterSpy.m */; };
		DEAE56231AA352CC00D9C3D2 /* ListItemsViewControllerSpy.m in Sources */ = {isa = PBXBuildFile; fileRef = DEAE56221AA352CC00D9C3D2 /* ListItemsViewControllerSpy.m */; };
		DEAE56281AA35A4900D9C3D2 /* DisplayListItem.m in Sources */ = {isa = PBXBuildFile; fileRef = DEAE56271AA35A4900D9C3D2 /* DisplayListItem.m */; };
		DEAE562B1AA5E7A900D9C3D2 /* Section.m in Sources */ = {isa = PBXBuildFile; fileRef = DEAE562A1AA5E7A900D9C3D2 /* Section.m */; };
		DEAE562D1AAC115300D9C3D2 /* AppDelegateTests.m in Sources */ = {isa = PBXBuildFile; fileRef = DEAE562C1AAC115300D9C3D2 /* AppDelegateTests.m */; };
		DEAE56311AAC171500D9C3D2 /* NavigatorFactorySpy.m in Sources */ = {isa = PBXBuildFile; fileRef = DEAE56301AAC171500D9C3D2 /* NavigatorFactorySpy.m */; };
		DEAE56361AAC176000D9C3D2 /* NavigatorFactory.m in Sources */ = {isa = PBXBuildFile; fileRef = DEAE56351AAC176000D9C3D2 /* NavigatorFactory.m */; };
		DEAE563B1AAC1A4C00D9C3D2 /* Navigator.m in Sources */ = {isa = PBXBuildFile; fileRef = DEAE563A1AAC1A4C00D9C3D2 /* Navigator.m */; };
		DEAE56411AAC2EED00D9C3D2 /* NavigatorSpy.m in Sources */ = {isa = PBXBuildFile; fileRef = DEAE56401AAC2EED00D9C3D2 /* NavigatorSpy.m */; };
		DEAE56451AAC392E00D9C3D2 /* ListItemsNavigator.m in Sources */ = {isa = PBXBuildFile; fileRef = DEAE56441AAC392E00D9C3D2 /* ListItemsNavigator.m */; };
		DEAE56481AAC3E0300D9C3D2 /* NavigatorTests.m in Sources */ = {isa = PBXBuildFile; fileRef = DEAE56471AAC3E0300D9C3D2 /* NavigatorTests.m */; };
		DEAE564C1AAC691E00D9C3D2 /* TransactionFactory.m in Sources */ = {isa = PBXBuildFile; fileRef = DEAE564B1AAC691E00D9C3D2 /* TransactionFactory.m */; };
		DEAE56511AAC754700D9C3D2 /* SpyTransactionFactory.m in Sources */ = {isa = PBXBuildFile; fileRef = DEAE56501AAC754700D9C3D2 /* SpyTransactionFactory.m */; };
		DEAE56551AAC775800D9C3D2 /* TransactionFactoryTests.m in Sources */ = {isa = PBXBuildFile; fileRef = DEAE56541AAC775800D9C3D2 /* TransactionFactoryTests.m */; };
		DEAE56591AAC814A00D9C3D2 /* DataSourceSpy.m in Sources */ = {isa = PBXBuildFile; fileRef = DEAE56581AAC814A00D9C3D2 /* DataSourceSpy.m */; };
		DEAE565C1AAC875E00D9C3D2 /* NavigatorFactoryTests.m in Sources */ = {isa = PBXBuildFile; fileRef = DEAE565B1AAC875E00D9C3D2 /* NavigatorFactoryTests.m */; };
		DEAE565D1AAC95AC00D9C3D2 /* ListItemsCollectionCell.m in Sources */ = {isa = PBXBuildFile; fileRef = C83F28631AA7C06700E3DA7B /* ListItemsCollectionCell.m */; };
		DEAE56601AADC54900D9C3D2 /* ItemDetailsPresenterSpy.m in Sources */ = {isa = PBXBuildFile; fileRef = DEAE565F1AADC54900D9C3D2 /* ItemDetailsPresenterSpy.m */; };
		DEAE56651AADC57500D9C3D2 /* ItemDetailsPresenter.m in Sources */ = {isa = PBXBuildFile; fileRef = DEAE56641AADC57500D9C3D2 /* ItemDetailsPresenter.m */; };
		DEAE566B1AADC71900D9C3D2 /* ItemDetailsPresenterTests.m in Sources */ = {isa = PBXBuildFile; fileRef = DEAE566A1AADC71900D9C3D2 /* ItemDetailsPresenterTests.m */; };
		DEAE566F1AADE2CC00D9C3D2 /* ItemDetailsViewControllerSpy.m in Sources */ = {isa = PBXBuildFile; fileRef = DEAE566E1AADE2CC00D9C3D2 /* ItemDetailsViewControllerSpy.m */; };
		DEAE56741AADE32900D9C3D2 /* ItemDetailsViewController.m in Sources */ = {isa = PBXBuildFile; fileRef = DEAE56731AADE32900D9C3D2 /* ItemDetailsViewController.m */; };
		DEAE56781AADE67000D9C3D2 /* PresentableItemDetails.m in Sources */ = {isa = PBXBuildFile; fileRef = DEAE56771AADE67000D9C3D2 /* PresentableItemDetails.m */; };
		DEAE567A1AADE7CF00D9C3D2 /* ItemDetailsViewControllerTests.m in Sources */ = {isa = PBXBuildFile; fileRef = DEAE56791AADE7CF00D9C3D2 /* ItemDetailsViewControllerTests.m */; };
		DEAE567D1AADEFDA00D9C3D2 /* Presenter.m in Sources */ = {isa = PBXBuildFile; fileRef = DEAE567C1AADEFDA00D9C3D2 /* Presenter.m */; };
/* End PBXBuildFile section */

/* Begin PBXContainerItemProxy section */
		DE119D5D1A997FC700FEEBCB /* PBXContainerItemProxy */ = {
			isa = PBXContainerItemProxy;
			containerPortal = DE119D3B1A997FC700FEEBCB /* Project object */;
			proxyType = 1;
			remoteGlobalIDString = DE119D421A997FC700FEEBCB;
			remoteInfo = CleanCart;
		};
/* End PBXContainerItemProxy section */

/* Begin PBXFileReference section */
		C83F283E1A9D8DFD00E3DA7B /* ListItemsTransactionTest.m */ = {isa = PBXFileReference; fileEncoding = 4; lastKnownFileType = sourcecode.c.objc; path = ListItemsTransactionTest.m; sourceTree = "<group>"; };
		C83F28411A9D924A00E3DA7B /* Transaction.h */ = {isa = PBXFileReference; fileEncoding = 4; lastKnownFileType = sourcecode.c.h; path = Transaction.h; sourceTree = "<group>"; };
		C83F28421A9D924A00E3DA7B /* Transaction.m */ = {isa = PBXFileReference; fileEncoding = 4; lastKnownFileType = sourcecode.c.objc; path = Transaction.m; sourceTree = "<group>"; };
		C83F28461A9D927C00E3DA7B /* ListItemsTransaction.h */ = {isa = PBXFileReference; fileEncoding = 4; lastKnownFileType = sourcecode.c.h; path = ListItemsTransaction.h; sourceTree = "<group>"; };
		C83F28471A9D927C00E3DA7B /* ListItemsTransaction.m */ = {isa = PBXFileReference; fileEncoding = 4; lastKnownFileType = sourcecode.c.objc; path = ListItemsTransaction.m; sourceTree = "<group>"; };
		C83F284A1A9D934900E3DA7B /* ListItemsTransactionIO.h */ = {isa = PBXFileReference; lastKnownFileType = sourcecode.c.h; path = ListItemsTransactionIO.h; sourceTree = "<group>"; };
		C83F284C1A9E82A400E3DA7B /* ItemRepositoryIO.h */ = {isa = PBXFileReference; lastKnownFileType = sourcecode.c.h; path = ItemRepositoryIO.h; sourceTree = "<group>"; };
		C83F284E1A9E847700E3DA7B /* ListItemsTransactionSpy.h */ = {isa = PBXFileReference; fileEncoding = 4; lastKnownFileType = sourcecode.c.h; path = ListItemsTransactionSpy.h; sourceTree = "<group>"; };
		C83F284F1A9E847700E3DA7B /* ListItemsTransactionSpy.m */ = {isa = PBXFileReference; fileEncoding = 4; lastKnownFileType = sourcecode.c.objc; path = ListItemsTransactionSpy.m; sourceTree = "<group>"; };
		C83F28521AA047C100E3DA7B /* ListItemsPresenterTests.m */ = {isa = PBXFileReference; fileEncoding = 4; lastKnownFileType = sourcecode.c.objc; path = ListItemsPresenterTests.m; sourceTree = "<group>"; };
		C83F28551AA04CC900E3DA7B /* ListItemsPresenter.h */ = {isa = PBXFileReference; fileEncoding = 4; lastKnownFileType = sourcecode.c.h; path = ListItemsPresenter.h; sourceTree = "<group>"; };
		C83F28561AA04CC900E3DA7B /* ListItemsPresenter.m */ = {isa = PBXFileReference; fileEncoding = 4; lastKnownFileType = sourcecode.c.objc; path = ListItemsPresenter.m; sourceTree = "<group>"; };
		C83F285A1AA052ED00E3DA7B /* ListItemsPresenterIO.h */ = {isa = PBXFileReference; lastKnownFileType = sourcecode.c.h; path = ListItemsPresenterIO.h; sourceTree = "<group>"; };
		C83F285C1AA4585F00E3DA7B /* ListItemsViewControllerTests.m */ = {isa = PBXFileReference; fileEncoding = 4; lastKnownFileType = sourcecode.c.objc; path = ListItemsViewControllerTests.m; sourceTree = "<group>"; };
		C83F285E1AA45BD300E3DA7B /* ListItemsViewController.h */ = {isa = PBXFileReference; fileEncoding = 4; lastKnownFileType = sourcecode.c.h; path = ListItemsViewController.h; sourceTree = "<group>"; };
		C83F285F1AA45BD300E3DA7B /* ListItemsViewController.m */ = {isa = PBXFileReference; fileEncoding = 4; lastKnownFileType = sourcecode.c.objc; path = ListItemsViewController.m; sourceTree = "<group>"; };
		C83F28621AA7C06700E3DA7B /* ListItemsCollectionCell.h */ = {isa = PBXFileReference; fileEncoding = 4; lastKnownFileType = sourcecode.c.h; path = ListItemsCollectionCell.h; sourceTree = "<group>"; };
		C83F28631AA7C06700E3DA7B /* ListItemsCollectionCell.m */ = {isa = PBXFileReference; fileEncoding = 4; lastKnownFileType = sourcecode.c.objc; path = ListItemsCollectionCell.m; sourceTree = "<group>"; };
		C83F28661AA89A0700E3DA7B /* ListItemsCellEventHandlerIO.h */ = {isa = PBXFileReference; lastKnownFileType = sourcecode.c.h; path = ListItemsCellEventHandlerIO.h; sourceTree = "<group>"; };
		C83F28681AA8A03E00E3DA7B /* ListItemsCellTest.m */ = {isa = PBXFileReference; fileEncoding = 4; lastKnownFileType = sourcecode.c.objc; path = ListItemsCellTest.m; sourceTree = "<group>"; };
		C84399C61AA9926D0084C73D /* ListItemsCellDelegateSpy.h */ = {isa = PBXFileReference; fileEncoding = 4; lastKnownFileType = sourcecode.c.h; path = ListItemsCellDelegateSpy.h; sourceTree = "<group>"; };
		C84399C71AA9926D0084C73D /* ListItemsCellDelegateSpy.m */ = {isa = PBXFileReference; fileEncoding = 4; lastKnownFileType = sourcecode.c.objc; path = ListItemsCellDelegateSpy.m; sourceTree = "<group>"; };
		C84399C91AA993B50084C73D /* ListItemsCollectionCellDelegate.h */ = {isa = PBXFileReference; lastKnownFileType = sourcecode.c.h; path = ListItemsCollectionCellDelegate.h; sourceTree = "<group>"; };
		C84399CA1AAD7DBF0084C73D /* AppDelegateStub.h */ = {isa = PBXFileReference; fileEncoding = 4; lastKnownFileType = sourcecode.c.h; path = AppDelegateStub.h; sourceTree = "<group>"; };
		C84399CB1AAD7DBF0084C73D /* AppDelegateStub.m */ = {isa = PBXFileReference; fileEncoding = 4; lastKnownFileType = sourcecode.c.objc; path = AppDelegateStub.m; sourceTree = "<group>"; };
		C84399CE1AAD84DE0084C73D /* ItemDetailsTransactionTests.m */ = {isa = PBXFileReference; fileEncoding = 4; lastKnownFileType = sourcecode.c.objc; path = ItemDetailsTransactionTests.m; sourceTree = "<group>"; };
		C84399D21AAD88950084C73D /* ItemDetailsTransaction.h */ = {isa = PBXFileReference; fileEncoding = 4; lastKnownFileType = sourcecode.c.h; path = ItemDetailsTransaction.h; sourceTree = "<group>"; };
		C84399D31AAD88950084C73D /* ItemDetailsTransaction.m */ = {isa = PBXFileReference; fileEncoding = 4; lastKnownFileType = sourcecode.c.objc; path = ItemDetailsTransaction.m; sourceTree = "<group>"; };
		C84399D71AAD8CFD0084C73D /* ItemRepositoryStub.h */ = {isa = PBXFileReference; fileEncoding = 4; lastKnownFileType = sourcecode.c.h; path = ItemRepositoryStub.h; sourceTree = "<group>"; };
		C84399D81AAD8CFD0084C73D /* ItemRepositoryStub.m */ = {isa = PBXFileReference; fileEncoding = 4; lastKnownFileType = sourcecode.c.objc; path = ItemRepositoryStub.m; sourceTree = "<group>"; };
		C84399DA1AAE742C0084C73D /* ItemDetailsTransactionSpy.h */ = {isa = PBXFileReference; fileEncoding = 4; lastKnownFileType = sourcecode.c.h; path = ItemDetailsTransactionSpy.h; sourceTree = "<group>"; };
		C84399DB1AAE742C0084C73D /* ItemDetailsTransactionSpy.m */ = {isa = PBXFileReference; fileEncoding = 4; lastKnownFileType = sourcecode.c.objc; path = ItemDetailsTransactionSpy.m; sourceTree = "<group>"; };
		C84399DE1AAE7FFD0084C73D /* SelectItemTransaction.h */ = {isa = PBXFileReference; fileEncoding = 4; lastKnownFileType = sourcecode.c.h; path = SelectItemTransaction.h; sourceTree = "<group>"; };
		C84399DF1AAE7FFD0084C73D /* SelectItemTransaction.m */ = {isa = PBXFileReference; fileEncoding = 4; lastKnownFileType = sourcecode.c.objc; path = SelectItemTransaction.m; sourceTree = "<group>"; };
		C84399E21AAE80D10084C73D /* SelectItemTransactionSpy.h */ = {isa = PBXFileReference; fileEncoding = 4; lastKnownFileType = sourcecode.c.h; path = SelectItemTransactionSpy.h; sourceTree = "<group>"; };
		C84399E31AAE80D10084C73D /* SelectItemTransactionSpy.m */ = {isa = PBXFileReference; fileEncoding = 4; lastKnownFileType = sourcecode.c.objc; path = SelectItemTransactionSpy.m; sourceTree = "<group>"; };
		C84399E71AAE86640084C73D /* SelectItemTransactionTests.m */ = {isa = PBXFileReference; fileEncoding = 4; lastKnownFileType = sourcecode.c.objc; path = SelectItemTransactionTests.m; sourceTree = "<group>"; };
		C84399E91AAEBA500084C73D /* ItemDetailsNavigator.h */ = {isa = PBXFileReference; fileEncoding = 4; lastKnownFileType = sourcecode.c.h; path = ItemDetailsNavigator.h; sourceTree = "<group>"; };
		C84399EA1AAEBA500084C73D /* ItemDetailsNavigator.m */ = {isa = PBXFileReference; fileEncoding = 4; lastKnownFileType = sourcecode.c.objc; path = ItemDetailsNavigator.m; sourceTree = "<group>"; };
		C84399ED1AAEC2660084C73D /* ListItemNavigatorTests.m */ = {isa = PBXFileReference; fileEncoding = 4; lastKnownFileType = sourcecode.c.objc; path = ListItemNavigatorTests.m; sourceTree = "<group>"; };
		C84399F01AAEC4100084C73D /* SpyNavigatorFactory.h */ = {isa = PBXFileReference; fileEncoding = 4; lastKnownFileType = sourcecode.c.h; path = SpyNavigatorFactory.h; sourceTree = "<group>"; };
		C84399F11AAEC4100084C73D /* SpyNavigatorFactory.m */ = {isa = PBXFileReference; fileEncoding = 4; lastKnownFileType = sourcecode.c.objc; path = SpyNavigatorFactory.m; sourceTree = "<group>"; };
		C84622AB1A9ADF1D00520FE1 /* ItemRepositoryTests.m */ = {isa = PBXFileReference; fileEncoding = 4; lastKnownFileType = sourcecode.c.objc; path = ItemRepositoryTests.m; sourceTree = "<group>"; };
		C84622AD1A9AE10D00520FE1 /* JSONDataSource.h */ = {isa = PBXFileReference; fileEncoding = 4; lastKnownFileType = sourcecode.c.h; path = JSONDataSource.h; sourceTree = "<group>"; };
		C84622AE1A9AE10D00520FE1 /* JSONDataSource.m */ = {isa = PBXFileReference; fileEncoding = 4; lastKnownFileType = sourcecode.c.objc; path = JSONDataSource.m; sourceTree = "<group>"; };
		C84622B11A9AE12800520FE1 /* DataSourceTests.m */ = {isa = PBXFileReference; fileEncoding = 4; lastKnownFileType = sourcecode.c.objc; path = DataSourceTests.m; sourceTree = "<group>"; };
		C84622B51A9AE2E600520FE1 /* DataSourceIO.h */ = {isa = PBXFileReference; lastKnownFileType = sourcecode.c.h; path = DataSourceIO.h; sourceTree = "<group>"; };
		C84622B71A9AECC200520FE1 /* ItemRepositorySpy.h */ = {isa = PBXFileReference; fileEncoding = 4; lastKnownFileType = sourcecode.c.h; path = ItemRepositorySpy.h; sourceTree = "<group>"; };
		C84622B81A9AECC200520FE1 /* ItemRepositorySpy.m */ = {isa = PBXFileReference; fileEncoding = 4; lastKnownFileType = sourcecode.c.objc; path = ItemRepositorySpy.m; sourceTree = "<group>"; };
		C84622BB1A9AECFB00520FE1 /* ItemRepository.h */ = {isa = PBXFileReference; fileEncoding = 4; lastKnownFileType = sourcecode.c.h; path = ItemRepository.h; sourceTree = "<group>"; };
		C84622BC1A9AECFB00520FE1 /* ItemRepository.m */ = {isa = PBXFileReference; fileEncoding = 4; lastKnownFileType = sourcecode.c.objc; path = ItemRepository.m; sourceTree = "<group>"; };
		C84622BF1A9AED8100520FE1 /* ItemList.json */ = {isa = PBXFileReference; fileEncoding = 4; lastKnownFileType = text.json; path = ItemList.json; sourceTree = "<group>"; };
		DE119D431A997FC700FEEBCB /* CleanCart.app */ = {isa = PBXFileReference; explicitFileType = wrapper.application; includeInIndex = 0; path = CleanCart.app; sourceTree = BUILT_PRODUCTS_DIR; };
		DE119D471A997FC700FEEBCB /* Info.plist */ = {isa = PBXFileReference; lastKnownFileType = text.plist.xml; path = Info.plist; sourceTree = "<group>"; };
		DE119D481A997FC700FEEBCB /* main.m */ = {isa = PBXFileReference; lastKnownFileType = sourcecode.c.objc; path = main.m; sourceTree = "<group>"; };
		DE119D4A1A997FC700FEEBCB /* AppDelegate.h */ = {isa = PBXFileReference; lastKnownFileType = sourcecode.c.h; path = AppDelegate.h; sourceTree = "<group>"; };
		DE119D4B1A997FC700FEEBCB /* AppDelegate.m */ = {isa = PBXFileReference; lastKnownFileType = sourcecode.c.objc; path = AppDelegate.m; sourceTree = "<group>"; };
		DE119D511A997FC700FEEBCB /* Base */ = {isa = PBXFileReference; lastKnownFileType = file.storyboard; name = Base; path = Base.lproj/Main.storyboard; sourceTree = "<group>"; };
		DE119D531A997FC700FEEBCB /* Images.xcassets */ = {isa = PBXFileReference; lastKnownFileType = folder.assetcatalog; path = Images.xcassets; sourceTree = "<group>"; };
		DE119D561A997FC700FEEBCB /* Base */ = {isa = PBXFileReference; lastKnownFileType = file.xib; name = Base; path = Base.lproj/LaunchScreen.xib; sourceTree = "<group>"; };
		DE119D5C1A997FC700FEEBCB /* CleanCartTests.xctest */ = {isa = PBXFileReference; explicitFileType = wrapper.cfbundle; includeInIndex = 0; path = CleanCartTests.xctest; sourceTree = BUILT_PRODUCTS_DIR; };
		DE119D611A997FC700FEEBCB /* Info.plist */ = {isa = PBXFileReference; lastKnownFileType = text.plist.xml; path = Info.plist; sourceTree = "<group>"; };
		DEAE56191A9B71B700D9C3D2 /* Item.h */ = {isa = PBXFileReference; fileEncoding = 4; lastKnownFileType = sourcecode.c.h; path = Item.h; sourceTree = "<group>"; };
		DEAE561A1A9B71B700D9C3D2 /* Item.m */ = {isa = PBXFileReference; fileEncoding = 4; lastKnownFileType = sourcecode.c.objc; path = Item.m; sourceTree = "<group>"; };
		DEAE561D1AA202EF00D9C3D2 /* ListItemsPresenterSpy.h */ = {isa = PBXFileReference; fileEncoding = 4; lastKnownFileType = sourcecode.c.h; path = ListItemsPresenterSpy.h; sourceTree = "<group>"; };
		DEAE561E1AA202EF00D9C3D2 /* ListItemsPresenterSpy.m */ = {isa = PBXFileReference; fileEncoding = 4; lastKnownFileType = sourcecode.c.objc; path = ListItemsPresenterSpy.m; sourceTree = "<group>"; };
		DEAE56211AA352CC00D9C3D2 /* ListItemsViewControllerSpy.h */ = {isa = PBXFileReference; fileEncoding = 4; lastKnownFileType = sourcecode.c.h; path = ListItemsViewControllerSpy.h; sourceTree = "<group>"; };
		DEAE56221AA352CC00D9C3D2 /* ListItemsViewControllerSpy.m */ = {isa = PBXFileReference; fileEncoding = 4; lastKnownFileType = sourcecode.c.objc; path = ListItemsViewControllerSpy.m; sourceTree = "<group>"; };
		DEAE56261AA35A4900D9C3D2 /* DisplayListItem.h */ = {isa = PBXFileReference; fileEncoding = 4; lastKnownFileType = sourcecode.c.h; path = DisplayListItem.h; sourceTree = "<group>"; };
		DEAE56271AA35A4900D9C3D2 /* DisplayListItem.m */ = {isa = PBXFileReference; fileEncoding = 4; lastKnownFileType = sourcecode.c.objc; path = DisplayListItem.m; sourceTree = "<group>"; };
		DEAE56291AA5E7A900D9C3D2 /* Section.h */ = {isa = PBXFileReference; fileEncoding = 4; lastKnownFileType = sourcecode.c.h; path = Section.h; sourceTree = "<group>"; };
		DEAE562A1AA5E7A900D9C3D2 /* Section.m */ = {isa = PBXFileReference; fileEncoding = 4; lastKnownFileType = sourcecode.c.objc; path = Section.m; sourceTree = "<group>"; };
		DEAE562C1AAC115300D9C3D2 /* AppDelegateTests.m */ = {isa = PBXFileReference; fileEncoding = 4; lastKnownFileType = sourcecode.c.objc; path = AppDelegateTests.m; sourceTree = "<group>"; };
		DEAE562F1AAC171500D9C3D2 /* NavigatorFactorySpy.h */ = {isa = PBXFileReference; fileEncoding = 4; lastKnownFileType = sourcecode.c.h; path = NavigatorFactorySpy.h; sourceTree = "<group>"; };
		DEAE56301AAC171500D9C3D2 /* NavigatorFactorySpy.m */ = {isa = PBXFileReference; fileEncoding = 4; lastKnownFileType = sourcecode.c.objc; path = NavigatorFactorySpy.m; sourceTree = "<group>"; };
		DEAE56341AAC176000D9C3D2 /* NavigatorFactory.h */ = {isa = PBXFileReference; fileEncoding = 4; lastKnownFileType = sourcecode.c.h; path = NavigatorFactory.h; sourceTree = "<group>"; };
		DEAE56351AAC176000D9C3D2 /* NavigatorFactory.m */ = {isa = PBXFileReference; fileEncoding = 4; lastKnownFileType = sourcecode.c.objc; path = NavigatorFactory.m; sourceTree = "<group>"; };
		DEAE56381AAC183600D9C3D2 /* NavigationMessage.h */ = {isa = PBXFileReference; lastKnownFileType = sourcecode.c.h; path = NavigationMessage.h; sourceTree = "<group>"; };
		DEAE56391AAC1A4C00D9C3D2 /* Navigator.h */ = {isa = PBXFileReference; fileEncoding = 4; lastKnownFileType = sourcecode.c.h; path = Navigator.h; sourceTree = "<group>"; };
		DEAE563A1AAC1A4C00D9C3D2 /* Navigator.m */ = {isa = PBXFileReference; fileEncoding = 4; lastKnownFileType = sourcecode.c.objc; path = Navigator.m; sourceTree = "<group>"; };
		DEAE563F1AAC2EED00D9C3D2 /* NavigatorSpy.h */ = {isa = PBXFileReference; fileEncoding = 4; lastKnownFileType = sourcecode.c.h; path = NavigatorSpy.h; sourceTree = "<group>"; };
		DEAE56401AAC2EED00D9C3D2 /* NavigatorSpy.m */ = {isa = PBXFileReference; fileEncoding = 4; lastKnownFileType = sourcecode.c.objc; path = NavigatorSpy.m; sourceTree = "<group>"; };
		DEAE56431AAC392E00D9C3D2 /* ListItemsNavigator.h */ = {isa = PBXFileReference; fileEncoding = 4; lastKnownFileType = sourcecode.c.h; path = ListItemsNavigator.h; sourceTree = "<group>"; };
		DEAE56441AAC392E00D9C3D2 /* ListItemsNavigator.m */ = {isa = PBXFileReference; fileEncoding = 4; lastKnownFileType = sourcecode.c.objc; path = ListItemsNavigator.m; sourceTree = "<group>"; };
		DEAE56471AAC3E0300D9C3D2 /* NavigatorTests.m */ = {isa = PBXFileReference; fileEncoding = 4; lastKnownFileType = sourcecode.c.objc; path = NavigatorTests.m; sourceTree = "<group>"; };
		DEAE564A1AAC691E00D9C3D2 /* TransactionFactory.h */ = {isa = PBXFileReference; fileEncoding = 4; lastKnownFileType = sourcecode.c.h; path = TransactionFactory.h; sourceTree = "<group>"; };
		DEAE564B1AAC691E00D9C3D2 /* TransactionFactory.m */ = {isa = PBXFileReference; fileEncoding = 4; lastKnownFileType = sourcecode.c.objc; path = TransactionFactory.m; sourceTree = "<group>"; };
		DEAE564E1AAC6C2E00D9C3D2 /* TransactionIdentifier.h */ = {isa = PBXFileReference; lastKnownFileType = sourcecode.c.h; path = TransactionIdentifier.h; sourceTree = "<group>"; };
		DEAE564F1AAC754700D9C3D2 /* SpyTransactionFactory.h */ = {isa = PBXFileReference; fileEncoding = 4; lastKnownFileType = sourcecode.c.h; path = SpyTransactionFactory.h; sourceTree = "<group>"; };
		DEAE56501AAC754700D9C3D2 /* SpyTransactionFactory.m */ = {isa = PBXFileReference; fileEncoding = 4; lastKnownFileType = sourcecode.c.objc; path = SpyTransactionFactory.m; sourceTree = "<group>"; };
		DEAE56541AAC775800D9C3D2 /* TransactionFactoryTests.m */ = {isa = PBXFileReference; fileEncoding = 4; lastKnownFileType = sourcecode.c.objc; path = TransactionFactoryTests.m; sourceTree = "<group>"; };
		DEAE56571AAC814A00D9C3D2 /* DataSourceSpy.h */ = {isa = PBXFileReference; fileEncoding = 4; lastKnownFileType = sourcecode.c.h; path = DataSourceSpy.h; sourceTree = "<group>"; };
		DEAE56581AAC814A00D9C3D2 /* DataSourceSpy.m */ = {isa = PBXFileReference; fileEncoding = 4; lastKnownFileType = sourcecode.c.objc; path = DataSourceSpy.m; sourceTree = "<group>"; };
		DEAE565B1AAC875E00D9C3D2 /* NavigatorFactoryTests.m */ = {isa = PBXFileReference; fileEncoding = 4; lastKnownFileType = sourcecode.c.objc; path = NavigatorFactoryTests.m; sourceTree = "<group>"; };
		DEAE565E1AADC54900D9C3D2 /* ItemDetailsPresenterSpy.h */ = {isa = PBXFileReference; fileEncoding = 4; lastKnownFileType = sourcecode.c.h; path = ItemDetailsPresenterSpy.h; sourceTree = "<group>"; };
		DEAE565F1AADC54900D9C3D2 /* ItemDetailsPresenterSpy.m */ = {isa = PBXFileReference; fileEncoding = 4; lastKnownFileType = sourcecode.c.objc; path = ItemDetailsPresenterSpy.m; sourceTree = "<group>"; };
		DEAE56631AADC57500D9C3D2 /* ItemDetailsPresenter.h */ = {isa = PBXFileReference; fileEncoding = 4; lastKnownFileType = sourcecode.c.h; path = ItemDetailsPresenter.h; sourceTree = "<group>"; };
		DEAE56641AADC57500D9C3D2 /* ItemDetailsPresenter.m */ = {isa = PBXFileReference; fileEncoding = 4; lastKnownFileType = sourcecode.c.objc; path = ItemDetailsPresenter.m; sourceTree = "<group>"; };
		DEAE56671AADC65300D9C3D2 /* ItemDetailsPresenterIO.h */ = {isa = PBXFileReference; lastKnownFileType = sourcecode.c.h; path = ItemDetailsPresenterIO.h; sourceTree = "<group>"; };
		DEAE56691AADC6A600D9C3D2 /* ItemDetailsTransactionIO.h */ = {isa = PBXFileReference; lastKnownFileType = sourcecode.c.h; path = ItemDetailsTransactionIO.h; sourceTree = "<group>"; };
		DEAE566A1AADC71900D9C3D2 /* ItemDetailsPresenterTests.m */ = {isa = PBXFileReference; fileEncoding = 4; lastKnownFileType = sourcecode.c.objc; path = ItemDetailsPresenterTests.m; sourceTree = "<group>"; };
		DEAE566D1AADE2CC00D9C3D2 /* ItemDetailsViewControllerSpy.h */ = {isa = PBXFileReference; fileEncoding = 4; lastKnownFileType = sourcecode.c.h; path = ItemDetailsViewControllerSpy.h; sourceTree = "<group>"; };
		DEAE566E1AADE2CC00D9C3D2 /* ItemDetailsViewControllerSpy.m */ = {isa = PBXFileReference; fileEncoding = 4; lastKnownFileType = sourcecode.c.objc; path = ItemDetailsViewControllerSpy.m; sourceTree = "<group>"; };
		DEAE56721AADE32900D9C3D2 /* ItemDetailsViewController.h */ = {isa = PBXFileReference; fileEncoding = 4; lastKnownFileType = sourcecode.c.h; path = ItemDetailsViewController.h; sourceTree = "<group>"; };
		DEAE56731AADE32900D9C3D2 /* ItemDetailsViewController.m */ = {isa = PBXFileReference; fileEncoding = 4; lastKnownFileType = sourcecode.c.objc; path = ItemDetailsViewController.m; sourceTree = "<group>"; };
		DEAE56761AADE67000D9C3D2 /* PresentableItemDetails.h */ = {isa = PBXFileReference; fileEncoding = 4; lastKnownFileType = sourcecode.c.h; path = PresentableItemDetails.h; sourceTree = "<group>"; };
		DEAE56771AADE67000D9C3D2 /* PresentableItemDetails.m */ = {isa = PBXFileReference; fileEncoding = 4; lastKnownFileType = sourcecode.c.objc; path = PresentableItemDetails.m; sourceTree = "<group>"; };
		DEAE56791AADE7CF00D9C3D2 /* ItemDetailsViewControllerTests.m */ = {isa = PBXFileReference; fileEncoding = 4; lastKnownFileType = sourcecode.c.objc; path = ItemDetailsViewControllerTests.m; sourceTree = "<group>"; };
		DEAE567B1AADEFDA00D9C3D2 /* Presenter.h */ = {isa = PBXFileReference; fileEncoding = 4; lastKnownFileType = sourcecode.c.h; path = Presenter.h; sourceTree = "<group>"; };
		DEAE567C1AADEFDA00D9C3D2 /* Presenter.m */ = {isa = PBXFileReference; fileEncoding = 4; lastKnownFileType = sourcecode.c.objc; path = Presenter.m; sourceTree = "<group>"; };
/* End PBXFileReference section */

/* Begin PBXFrameworksBuildPhase section */
		DE119D401A997FC700FEEBCB /* Frameworks */ = {
			isa = PBXFrameworksBuildPhase;
			buildActionMask = 2147483647;
			files = (
			);
			runOnlyForDeploymentPostprocessing = 0;
		};
		DE119D591A997FC700FEEBCB /* Frameworks */ = {
			isa = PBXFrameworksBuildPhase;
			buildActionMask = 2147483647;
			files = (
			);
			runOnlyForDeploymentPostprocessing = 0;
		};
/* End PBXFrameworksBuildPhase section */

/* Begin PBXGroup section */
		C83F28401A9D8E0200E3DA7B /* ListItemsTransaction */ = {
			isa = PBXGroup;
			children = (
				C83F28511A9E847B00E3DA7B /* Mocks */,
				C83F283E1A9D8DFD00E3DA7B /* ListItemsTransactionTest.m */,
			);
			name = ListItemsTransaction;
			sourceTree = "<group>";
		};
		C83F28441A9D924E00E3DA7B /* Transaction */ = {
			isa = PBXGroup;
			children = (
				DEAE564E1AAC6C2E00D9C3D2 /* TransactionIdentifier.h */,
				C83F28411A9D924A00E3DA7B /* Transaction.h */,
				C83F28421A9D924A00E3DA7B /* Transaction.m */,
				DEAE564D1AAC692600D9C3D2 /* TransactionFactory */,
			);
			name = Transaction;
			sourceTree = "<group>";
		};
		C83F28451A9D925600E3DA7B /* BaseClasses */ = {
			isa = PBXGroup;
			children = (
				C83F28441A9D924E00E3DA7B /* Transaction */,
				DEAE563D1AAC1BA200D9C3D2 /* Navigation */,
				DEAE563E1AAC1BDC00D9C3D2 /* Section */,
				DEAE567E1AADEFDF00D9C3D2 /* Presenter */,
			);
			name = BaseClasses;
			sourceTree = "<group>";
		};
		C83F28491A9D928500E3DA7B /* ListItems */ = {
			isa = PBXGroup;
			children = (
				C83F28591AA04D7200E3DA7B /* ListItemsTransaction */,
				C84399E11AAE80040084C73D /* SelectItemTransaction */,
				DEAE56461AAC393400D9C3D2 /* ListItemsNavigator */,
				C83F28581AA04CD000E3DA7B /* ListItemsPresenter */,
				C83F28611AA45BDC00E3DA7B /* ListItemsViewController */,
			);
			name = ListItems;
			sourceTree = "<group>";
		};
		C83F284B1A9D934D00E3DA7B /* Protocols */ = {
			isa = PBXGroup;
			children = (
				C83F284A1A9D934900E3DA7B /* ListItemsTransactionIO.h */,
			);
			name = Protocols;
			sourceTree = "<group>";
		};
		C83F284D1A9E82B400E3DA7B /* Protocols */ = {
			isa = PBXGroup;
			children = (
				C83F284C1A9E82A400E3DA7B /* ItemRepositoryIO.h */,
			);
			name = Protocols;
			sourceTree = "<group>";
		};
		C83F28511A9E847B00E3DA7B /* Mocks */ = {
			isa = PBXGroup;
			children = (
				C83F284E1A9E847700E3DA7B /* ListItemsTransactionSpy.h */,
				C83F284F1A9E847700E3DA7B /* ListItemsTransactionSpy.m */,
			);
			name = Mocks;
			sourceTree = "<group>";
		};
		C83F28541AA047C700E3DA7B /* ListItemsPresenter */ = {
			isa = PBXGroup;
			children = (
				DEAE56201AA202F300D9C3D2 /* Mocks */,
				C83F28521AA047C100E3DA7B /* ListItemsPresenterTests.m */,
			);
			name = ListItemsPresenter;
			sourceTree = "<group>";
		};
		C83F28581AA04CD000E3DA7B /* ListItemsPresenter */ = {
			isa = PBXGroup;
			children = (
				C83F285B1AA052F600E3DA7B /* Protocols */,
				DEAE56261AA35A4900D9C3D2 /* DisplayListItem.h */,
				DEAE56271AA35A4900D9C3D2 /* DisplayListItem.m */,
				C83F28551AA04CC900E3DA7B /* ListItemsPresenter.h */,
				C83F28561AA04CC900E3DA7B /* ListItemsPresenter.m */,
			);
			name = ListItemsPresenter;
			sourceTree = "<group>";
		};
		C83F28591AA04D7200E3DA7B /* ListItemsTransaction */ = {
			isa = PBXGroup;
			children = (
				C83F284B1A9D934D00E3DA7B /* Protocols */,
				C83F28461A9D927C00E3DA7B /* ListItemsTransaction.h */,
				C83F28471A9D927C00E3DA7B /* ListItemsTransaction.m */,
			);
			name = ListItemsTransaction;
			sourceTree = "<group>";
		};
		C83F285B1AA052F600E3DA7B /* Protocols */ = {
			isa = PBXGroup;
			children = (
				C83F285A1AA052ED00E3DA7B /* ListItemsPresenterIO.h */,
			);
			name = Protocols;
			sourceTree = "<group>";
		};
		C83F28611AA45BDC00E3DA7B /* ListItemsViewController */ = {
			isa = PBXGroup;
			children = (
				C83F28671AA89A0C00E3DA7B /* Protocols */,
				C83F28651AA7C06B00E3DA7B /* Cells */,
				C83F285E1AA45BD300E3DA7B /* ListItemsViewController.h */,
				C83F285F1AA45BD300E3DA7B /* ListItemsViewController.m */,
			);
			name = ListItemsViewController;
			sourceTree = "<group>";
		};
		C83F28651AA7C06B00E3DA7B /* Cells */ = {
			isa = PBXGroup;
			children = (
				C83F28621AA7C06700E3DA7B /* ListItemsCollectionCell.h */,
				C83F28631AA7C06700E3DA7B /* ListItemsCollectionCell.m */,
			);
			name = Cells;
			path = CleanCartTests;
			sourceTree = SOURCE_ROOT;
		};
		C83F28671AA89A0C00E3DA7B /* Protocols */ = {
			isa = PBXGroup;
			children = (
				C83F28661AA89A0700E3DA7B /* ListItemsCellEventHandlerIO.h */,
				C84399C91AA993B50084C73D /* ListItemsCollectionCellDelegate.h */,
			);
			name = Protocols;
			sourceTree = "<group>";
		};
		C84399CD1AAD7DC30084C73D /* Mocks */ = {
			isa = PBXGroup;
			children = (
				C84399CA1AAD7DBF0084C73D /* AppDelegateStub.h */,
				C84399CB1AAD7DBF0084C73D /* AppDelegateStub.m */,
			);
			name = Mocks;
			sourceTree = "<group>";
		};
		C84399D01AAD84E70084C73D /* ItemDetailsTransaction */ = {
			isa = PBXGroup;
			children = (
				C84399DD1AAE74300084C73D /* Mocks */,
				C84399CE1AAD84DE0084C73D /* ItemDetailsTransactionTests.m */,
			);
			name = ItemDetailsTransaction;
			sourceTree = "<group>";
		};
		C84399D11AAD84F70084C73D /* ItemDetails */ = {
			isa = PBXGroup;
			children = (
				C84399D01AAD84E70084C73D /* ItemDetailsTransaction */,
				DEAE56621AADC55B00D9C3D2 /* ItemDetailsPresenter */,
				DEAE56701AADE2D400D9C3D2 /* ItemDetailsViewController */,
			);
			name = ItemDetails;
			sourceTree = "<group>";
		};
		C84399D51AAD88990084C73D /* ItemDetailsTransaction */ = {
			isa = PBXGroup;
			children = (
				DEAE566C1AADC80700D9C3D2 /* Protocols */,
				C84399D21AAD88950084C73D /* ItemDetailsTransaction.h */,
				C84399D31AAD88950084C73D /* ItemDetailsTransaction.m */,
			);
			name = ItemDetailsTransaction;
			sourceTree = "<group>";
		};
		C84399D61AAD88A40084C73D /* ItemDetails */ = {
			isa = PBXGroup;
			children = (
				C84399D51AAD88990084C73D /* ItemDetailsTransaction */,
				C84399EC1AAEBA550084C73D /* ItemDetailsNavigator */,
				DEAE56661AADC57C00D9C3D2 /* ItemDetailsPresenter */,
				DEAE56751AADE32D00D9C3D2 /* ItemDetailsViewController */,
			);
			name = ItemDetails;
			sourceTree = "<group>";
		};
		C84399DD1AAE74300084C73D /* Mocks */ = {
			isa = PBXGroup;
			children = (
				C84399DA1AAE742C0084C73D /* ItemDetailsTransactionSpy.h */,
				C84399DB1AAE742C0084C73D /* ItemDetailsTransactionSpy.m */,
			);
			name = Mocks;
			sourceTree = "<group>";
		};
		C84399E11AAE80040084C73D /* SelectItemTransaction */ = {
			isa = PBXGroup;
			children = (
				C84399DE1AAE7FFD0084C73D /* SelectItemTransaction.h */,
				C84399DF1AAE7FFD0084C73D /* SelectItemTransaction.m */,
			);
			name = SelectItemTransaction;
			sourceTree = "<group>";
		};
		C84399E51AAE80D70084C73D /* Mocks */ = {
			isa = PBXGroup;
			children = (
				C84399E21AAE80D10084C73D /* SelectItemTransactionSpy.h */,
				C84399E31AAE80D10084C73D /* SelectItemTransactionSpy.m */,
			);
			name = Mocks;
			sourceTree = "<group>";
		};
		C84399E61AAE80DD0084C73D /* SelectItemTransaction */ = {
			isa = PBXGroup;
			children = (
				C84399E51AAE80D70084C73D /* Mocks */,
				C84399E71AAE86640084C73D /* SelectItemTransactionTests.m */,
			);
			name = SelectItemTransaction;
			sourceTree = "<group>";
		};
		C84399EC1AAEBA550084C73D /* ItemDetailsNavigator */ = {
			isa = PBXGroup;
			children = (
				C84399E91AAEBA500084C73D /* ItemDetailsNavigator.h */,
				C84399EA1AAEBA500084C73D /* ItemDetailsNavigator.m */,
			);
			name = ItemDetailsNavigator;
			sourceTree = "<group>";
		};
		C84399EF1AAEC26D0084C73D /* ListItemsNavigator */ = {
			isa = PBXGroup;
			children = (
				C84399ED1AAEC2660084C73D /* ListItemNavigatorTests.m */,
			);
			name = ListItemsNavigator;
			sourceTree = "<group>";
		};
		C84622B01A9AE11300520FE1 /* DataSource */ = {
			isa = PBXGroup;
			children = (
				C84622B61A9AE2EA00520FE1 /* Protocols */,
				C84622AD1A9AE10D00520FE1 /* JSONDataSource.h */,
				C84622AE1A9AE10D00520FE1 /* JSONDataSource.m */,
			);
			name = DataSource;
			sourceTree = "<group>";
		};
		C84622B31A9AE12E00520FE1 /* DataSource */ = {
			isa = PBXGroup;
			children = (
				DEAE565A1AAC814E00D9C3D2 /* Mocks */,
				C84622B11A9AE12800520FE1 /* DataSourceTests.m */,
			);
			name = DataSource;
			sourceTree = "<group>";
		};
		C84622B41A9AE13A00520FE1 /* ItemRepository */ = {
			isa = PBXGroup;
			children = (
				C84622BA1A9AECCA00520FE1 /* Mocks */,
				C84622AB1A9ADF1D00520FE1 /* ItemRepositoryTests.m */,
			);
			name = ItemRepository;
			sourceTree = "<group>";
		};
		C84622B61A9AE2EA00520FE1 /* Protocols */ = {
			isa = PBXGroup;
			children = (
				C84622B51A9AE2E600520FE1 /* DataSourceIO.h */,
			);
			name = Protocols;
			sourceTree = "<group>";
		};
		C84622BA1A9AECCA00520FE1 /* Mocks */ = {
			isa = PBXGroup;
			children = (
				C84622B71A9AECC200520FE1 /* ItemRepositorySpy.h */,
				C84622B81A9AECC200520FE1 /* ItemRepositorySpy.m */,
				C84399D71AAD8CFD0084C73D /* ItemRepositoryStub.h */,
				C84399D81AAD8CFD0084C73D /* ItemRepositoryStub.m */,
			);
			name = Mocks;
			sourceTree = "<group>";
		};
		C84622BE1A9AED0100520FE1 /* ItemRepository */ = {
			isa = PBXGroup;
			children = (
				C83F284D1A9E82B400E3DA7B /* Protocols */,
				C84622BB1A9AECFB00520FE1 /* ItemRepository.h */,
				C84622BC1A9AECFB00520FE1 /* ItemRepository.m */,
			);
			name = ItemRepository;
			sourceTree = "<group>";
		};
		DE119D3A1A997FC700FEEBCB = {
			isa = PBXGroup;
			children = (
				DE119D451A997FC700FEEBCB /* CleanCart */,
				DE119D5F1A997FC700FEEBCB /* CleanCartTests */,
				DE119D601A997FC700FEEBCB /* Supporting Files */,
				DE119D441A997FC700FEEBCB /* Products */,
			);
			sourceTree = "<group>";
		};
		DE119D441A997FC700FEEBCB /* Products */ = {
			isa = PBXGroup;
			children = (
				DE119D431A997FC700FEEBCB /* CleanCart.app */,
				DE119D5C1A997FC700FEEBCB /* CleanCartTests.xctest */,
			);
			name = Products;
			sourceTree = "<group>";
		};
		DE119D451A997FC700FEEBCB /* CleanCart */ = {
			isa = PBXGroup;
			children = (
				C84622BF1A9AED8100520FE1 /* ItemList.json */,
				DE119D4A1A997FC700FEEBCB /* AppDelegate.h */,
				DE119D4B1A997FC700FEEBCB /* AppDelegate.m */,
				DE119D501A997FC700FEEBCB /* Main.storyboard */,
				DE119D531A997FC700FEEBCB /* Images.xcassets */,
				DE119D551A997FC700FEEBCB /* LaunchScreen.xib */,
				DE119D461A997FC700FEEBCB /* Supporting Files */,
				C84622B01A9AE11300520FE1 /* DataSource */,
				C84622BE1A9AED0100520FE1 /* ItemRepository */,
				DEAE561C1A9B71BD00D9C3D2 /* Item */,
				C83F28451A9D925600E3DA7B /* BaseClasses */,
				C83F28491A9D928500E3DA7B /* ListItems */,
				C84399D61AAD88A40084C73D /* ItemDetails */,
			);
			path = CleanCart;
			sourceTree = "<group>";
		};
		DE119D461A997FC700FEEBCB /* Supporting Files */ = {
			isa = PBXGroup;
			children = (
				DE119D471A997FC700FEEBCB /* Info.plist */,
				DE119D481A997FC700FEEBCB /* main.m */,
			);
			name = "Supporting Files";
			sourceTree = "<group>";
		};
		DE119D5F1A997FC700FEEBCB /* CleanCartTests */ = {
			isa = PBXGroup;
			children = (
				DEAE562E1AAC115800D9C3D2 /* AppDelegate */,
				C84622B31A9AE12E00520FE1 /* DataSource */,
				C84622B41A9AE13A00520FE1 /* ItemRepository */,
				DEAE56421AAC2EF000D9C3D2 /* Navigator */,
				DEAE56331AAC172A00D9C3D2 /* NavigatorFactory */,
				DEAE56531AAC773E00D9C3D2 /* TransactionFactory */,
				DEAE56561AAC778800D9C3D2 /* ListItems */,
				C84399D11AAD84F70084C73D /* ItemDetails */,
			);
			path = CleanCartTests;
			sourceTree = "<group>";
		};
		DE119D601A997FC700FEEBCB /* Supporting Files */ = {
			isa = PBXGroup;
			children = (
				DE119D611A997FC700FEEBCB /* Info.plist */,
			);
			name = "Supporting Files";
			path = CleanCartTests;
			sourceTree = "<group>";
		};
		DEAE561C1A9B71BD00D9C3D2 /* Item */ = {
			isa = PBXGroup;
			children = (
				DEAE56191A9B71B700D9C3D2 /* Item.h */,
				DEAE561A1A9B71B700D9C3D2 /* Item.m */,
			);
			name = Item;
			sourceTree = "<group>";
		};
		DEAE56201AA202F300D9C3D2 /* Mocks */ = {
			isa = PBXGroup;
			children = (
				DEAE561D1AA202EF00D9C3D2 /* ListItemsPresenterSpy.h */,
				DEAE561E1AA202EF00D9C3D2 /* ListItemsPresenterSpy.m */,
			);
			name = Mocks;
			sourceTree = "<group>";
		};
		DEAE56241AA352D300D9C3D2 /* ListItemsViewController */ = {
			isa = PBXGroup;
			children = (
				DEAE56251AA352DE00D9C3D2 /* Mocks */,
				C83F285C1AA4585F00E3DA7B /* ListItemsViewControllerTests.m */,
				C83F28681AA8A03E00E3DA7B /* ListItemsCellTest.m */,
			);
			name = ListItemsViewController;
			sourceTree = "<group>";
		};
		DEAE56251AA352DE00D9C3D2 /* Mocks */ = {
			isa = PBXGroup;
			children = (
				DEAE56211AA352CC00D9C3D2 /* ListItemsViewControllerSpy.h */,
				DEAE56221AA352CC00D9C3D2 /* ListItemsViewControllerSpy.m */,
				C84399C61AA9926D0084C73D /* ListItemsCellDelegateSpy.h */,
				C84399C71AA9926D0084C73D /* ListItemsCellDelegateSpy.m */,
			);
			name = Mocks;
			sourceTree = "<group>";
		};
		DEAE562E1AAC115800D9C3D2 /* AppDelegate */ = {
			isa = PBXGroup;
			children = (
				C84399CD1AAD7DC30084C73D /* Mocks */,
				DEAE562C1AAC115300D9C3D2 /* AppDelegateTests.m */,
			);
			name = AppDelegate;
			sourceTree = "<group>";
		};
		DEAE56321AAC172100D9C3D2 /* Mocks */ = {
			isa = PBXGroup;
			children = (
				DEAE562F1AAC171500D9C3D2 /* NavigatorFactorySpy.h */,
				DEAE56301AAC171500D9C3D2 /* NavigatorFactorySpy.m */,
				C84399F01AAEC4100084C73D /* SpyNavigatorFactory.h */,
				C84399F11AAEC4100084C73D /* SpyNavigatorFactory.m */,
			);
			name = Mocks;
			sourceTree = "<group>";
		};
		DEAE56331AAC172A00D9C3D2 /* NavigatorFactory */ = {
			isa = PBXGroup;
			children = (
				DEAE56321AAC172100D9C3D2 /* Mocks */,
				DEAE565B1AAC875E00D9C3D2 /* NavigatorFactoryTests.m */,
			);
			name = NavigatorFactory;
			sourceTree = "<group>";
		};
		DEAE56371AAC176500D9C3D2 /* NavigatorFactory */ = {
			isa = PBXGroup;
			children = (
				DEAE56341AAC176000D9C3D2 /* NavigatorFactory.h */,
				DEAE56351AAC176000D9C3D2 /* NavigatorFactory.m */,
			);
			name = NavigatorFactory;
			sourceTree = "<group>";
		};
		DEAE563C1AAC1A5100D9C3D2 /* Navigator */ = {
			isa = PBXGroup;
			children = (
				DEAE56391AAC1A4C00D9C3D2 /* Navigator.h */,
				DEAE563A1AAC1A4C00D9C3D2 /* Navigator.m */,
			);
			name = Navigator;
			sourceTree = "<group>";
		};
		DEAE563D1AAC1BA200D9C3D2 /* Navigation */ = {
			isa = PBXGroup;
			children = (
				DEAE56381AAC183600D9C3D2 /* NavigationMessage.h */,
				DEAE56371AAC176500D9C3D2 /* NavigatorFactory */,
				DEAE563C1AAC1A5100D9C3D2 /* Navigator */,
			);
			name = Navigation;
			sourceTree = "<group>";
		};
		DEAE563E1AAC1BDC00D9C3D2 /* Section */ = {
			isa = PBXGroup;
			children = (
				DEAE56291AA5E7A900D9C3D2 /* Section.h */,
				DEAE562A1AA5E7A900D9C3D2 /* Section.m */,
			);
			name = Section;
			sourceTree = "<group>";
		};
		DEAE56421AAC2EF000D9C3D2 /* Navigator */ = {
			isa = PBXGroup;
			children = (
				DEAE56491AAC3E0700D9C3D2 /* Mocks */,
				DEAE56471AAC3E0300D9C3D2 /* NavigatorTests.m */,
			);
			name = Navigator;
			sourceTree = "<group>";
		};
		DEAE56461AAC393400D9C3D2 /* ListItemsNavigator */ = {
			isa = PBXGroup;
			children = (
				DEAE56431AAC392E00D9C3D2 /* ListItemsNavigator.h */,
				DEAE56441AAC392E00D9C3D2 /* ListItemsNavigator.m */,
			);
			name = ListItemsNavigator;
			sourceTree = "<group>";
		};
		DEAE56491AAC3E0700D9C3D2 /* Mocks */ = {
			isa = PBXGroup;
			children = (
				DEAE563F1AAC2EED00D9C3D2 /* NavigatorSpy.h */,
				DEAE56401AAC2EED00D9C3D2 /* NavigatorSpy.m */,
			);
			name = Mocks;
			sourceTree = "<group>";
		};
		DEAE564D1AAC692600D9C3D2 /* TransactionFactory */ = {
			isa = PBXGroup;
			children = (
				DEAE564A1AAC691E00D9C3D2 /* TransactionFactory.h */,
				DEAE564B1AAC691E00D9C3D2 /* TransactionFactory.m */,
			);
			name = TransactionFactory;
			sourceTree = "<group>";
		};
		DEAE56521AAC754E00D9C3D2 /* Mocks */ = {
			isa = PBXGroup;
			children = (
				DEAE564F1AAC754700D9C3D2 /* SpyTransactionFactory.h */,
				DEAE56501AAC754700D9C3D2 /* SpyTransactionFactory.m */,
			);
			name = Mocks;
			sourceTree = "<group>";
		};
		DEAE56531AAC773E00D9C3D2 /* TransactionFactory */ = {
			isa = PBXGroup;
			children = (
				DEAE56521AAC754E00D9C3D2 /* Mocks */,
				DEAE56541AAC775800D9C3D2 /* TransactionFactoryTests.m */,
			);
			name = TransactionFactory;
			sourceTree = "<group>";
		};
		DEAE56561AAC778800D9C3D2 /* ListItems */ = {
			isa = PBXGroup;
			children = (
				C83F28401A9D8E0200E3DA7B /* ListItemsTransaction */,
				C84399E61AAE80DD0084C73D /* SelectItemTransaction */,
				C83F28541AA047C700E3DA7B /* ListItemsPresenter */,
				DEAE56241AA352D300D9C3D2 /* ListItemsViewController */,
				C84399EF1AAEC26D0084C73D /* ListItemsNavigator */,
			);
			name = ListItems;
			sourceTree = "<group>";
		};
		DEAE565A1AAC814E00D9C3D2 /* Mocks */ = {
			isa = PBXGroup;
			children = (
				DEAE56571AAC814A00D9C3D2 /* DataSourceSpy.h */,
				DEAE56581AAC814A00D9C3D2 /* DataSourceSpy.m */,
			);
			name = Mocks;
			sourceTree = "<group>";
		};
		DEAE56611AADC55500D9C3D2 /* Mocks */ = {
			isa = PBXGroup;
			children = (
				DEAE565E1AADC54900D9C3D2 /* ItemDetailsPresenterSpy.h */,
				DEAE565F1AADC54900D9C3D2 /* ItemDetailsPresenterSpy.m */,
			);
			name = Mocks;
			sourceTree = "<group>";
		};
		DEAE56621AADC55B00D9C3D2 /* ItemDetailsPresenter */ = {
			isa = PBXGroup;
			children = (
				DEAE56611AADC55500D9C3D2 /* Mocks */,
				DEAE566A1AADC71900D9C3D2 /* ItemDetailsPresenterTests.m */,
			);
			name = ItemDetailsPresenter;
			sourceTree = "<group>";
		};
		DEAE56661AADC57C00D9C3D2 /* ItemDetailsPresenter */ = {
			isa = PBXGroup;
			children = (
				DEAE56681AADC65700D9C3D2 /* Protocols */,
				DEAE56631AADC57500D9C3D2 /* ItemDetailsPresenter.h */,
				DEAE56641AADC57500D9C3D2 /* ItemDetailsPresenter.m */,
				DEAE56761AADE67000D9C3D2 /* PresentableItemDetails.h */,
				DEAE56771AADE67000D9C3D2 /* PresentableItemDetails.m */,
			);
			name = ItemDetailsPresenter;
			sourceTree = "<group>";
		};
		DEAE56681AADC65700D9C3D2 /* Protocols */ = {
			isa = PBXGroup;
			children = (
				DEAE56671AADC65300D9C3D2 /* ItemDetailsPresenterIO.h */,
			);
			name = Protocols;
			sourceTree = "<group>";
		};
		DEAE566C1AADC80700D9C3D2 /* Protocols */ = {
			isa = PBXGroup;
			children = (
				DEAE56691AADC6A600D9C3D2 /* ItemDetailsTransactionIO.h */,
			);
			name = Protocols;
			sourceTree = "<group>";
		};
		DEAE56701AADE2D400D9C3D2 /* ItemDetailsViewController */ = {
			isa = PBXGroup;
			children = (
				DEAE56711AADE2E300D9C3D2 /* Mocks */,
				DEAE56791AADE7CF00D9C3D2 /* ItemDetailsViewControllerTests.m */,
			);
			name = ItemDetailsViewController;
			sourceTree = "<group>";
		};
		DEAE56711AADE2E300D9C3D2 /* Mocks */ = {
			isa = PBXGroup;
			children = (
				DEAE566D1AADE2CC00D9C3D2 /* ItemDetailsViewControllerSpy.h */,
				DEAE566E1AADE2CC00D9C3D2 /* ItemDetailsViewControllerSpy.m */,
			);
			name = Mocks;
			sourceTree = "<group>";
		};
		DEAE56751AADE32D00D9C3D2 /* ItemDetailsViewController */ = {
			isa = PBXGroup;
			children = (
				DEAE56721AADE32900D9C3D2 /* ItemDetailsViewController.h */,
				DEAE56731AADE32900D9C3D2 /* ItemDetailsViewController.m */,
			);
			name = ItemDetailsViewController;
			sourceTree = "<group>";
		};
		DEAE567E1AADEFDF00D9C3D2 /* Presenter */ = {
			isa = PBXGroup;
			children = (
				DEAE567B1AADEFDA00D9C3D2 /* Presenter.h */,
				DEAE567C1AADEFDA00D9C3D2 /* Presenter.m */,
			);
			name = Presenter;
			sourceTree = "<group>";
		};
/* End PBXGroup section */

/* Begin PBXNativeTarget section */
		DE119D421A997FC700FEEBCB /* CleanCart */ = {
			isa = PBXNativeTarget;
			buildConfigurationList = DE119D661A997FC700FEEBCB /* Build configuration list for PBXNativeTarget "CleanCart" */;
			buildPhases = (
				DE119D3F1A997FC700FEEBCB /* Sources */,
				DE119D401A997FC700FEEBCB /* Frameworks */,
				DE119D411A997FC700FEEBCB /* Resources */,
			);
			buildRules = (
			);
			dependencies = (
			);
			name = CleanCart;
			productName = CleanCart;
			productReference = DE119D431A997FC700FEEBCB /* CleanCart.app */;
			productType = "com.apple.product-type.application";
		};
		DE119D5B1A997FC700FEEBCB /* CleanCartTests */ = {
			isa = PBXNativeTarget;
			buildConfigurationList = DE119D691A997FC700FEEBCB /* Build configuration list for PBXNativeTarget "CleanCartTests" */;
			buildPhases = (
				DE119D581A997FC700FEEBCB /* Sources */,
				DE119D591A997FC700FEEBCB /* Frameworks */,
				DE119D5A1A997FC700FEEBCB /* Resources */,
			);
			buildRules = (
			);
			dependencies = (
				DE119D5E1A997FC700FEEBCB /* PBXTargetDependency */,
			);
			name = CleanCartTests;
			productName = CleanCartTests;
			productReference = DE119D5C1A997FC700FEEBCB /* CleanCartTests.xctest */;
			productType = "com.apple.product-type.bundle.unit-test";
		};
/* End PBXNativeTarget section */

/* Begin PBXProject section */
		DE119D3B1A997FC700FEEBCB /* Project object */ = {
			isa = PBXProject;
			attributes = {
				LastUpgradeCheck = 0610;
				ORGANIZATIONNAME = "Norbert Nemes";
				TargetAttributes = {
					DE119D421A997FC700FEEBCB = {
						CreatedOnToolsVersion = 6.1.1;
					};
					DE119D5B1A997FC700FEEBCB = {
						CreatedOnToolsVersion = 6.1.1;
						TestTargetID = DE119D421A997FC700FEEBCB;
					};
				};
			};
			buildConfigurationList = DE119D3E1A997FC700FEEBCB /* Build configuration list for PBXProject "CleanCart" */;
			compatibilityVersion = "Xcode 3.2";
			developmentRegion = English;
			hasScannedForEncodings = 0;
			knownRegions = (
				en,
				Base,
			);
			mainGroup = DE119D3A1A997FC700FEEBCB;
			productRefGroup = DE119D441A997FC700FEEBCB /* Products */;
			projectDirPath = "";
			projectRoot = "";
			targets = (
				DE119D421A997FC700FEEBCB /* CleanCart */,
				DE119D5B1A997FC700FEEBCB /* CleanCartTests */,
			);
		};
/* End PBXProject section */

/* Begin PBXResourcesBuildPhase section */
		DE119D411A997FC700FEEBCB /* Resources */ = {
			isa = PBXResourcesBuildPhase;
			buildActionMask = 2147483647;
			files = (
				C84622C01A9AED8100520FE1 /* ItemList.json in Resources */,
				DE119D521A997FC700FEEBCB /* Main.storyboard in Resources */,
				DE119D571A997FC700FEEBCB /* LaunchScreen.xib in Resources */,
				DE119D541A997FC700FEEBCB /* Images.xcassets in Resources */,
			);
			runOnlyForDeploymentPostprocessing = 0;
		};
		DE119D5A1A997FC700FEEBCB /* Resources */ = {
			isa = PBXResourcesBuildPhase;
			buildActionMask = 2147483647;
			files = (
			);
			runOnlyForDeploymentPostprocessing = 0;
		};
/* End PBXResourcesBuildPhase section */

/* Begin PBXSourcesBuildPhase section */
		DE119D3F1A997FC700FEEBCB /* Sources */ = {
			isa = PBXSourcesBuildPhase;
			buildActionMask = 2147483647;
			files = (
				DEAE565D1AAC95AC00D9C3D2 /* ListItemsCollectionCell.m in Sources */,
				DEAE56781AADE67000D9C3D2 /* PresentableItemDetails.m in Sources */,
				C84399EB1AAEBA500084C73D /* ItemDetailsNavigator.m in Sources */,
				C84399D41AAD88950084C73D /* ItemDetailsTransaction.m in Sources */,
				DEAE56451AAC392E00D9C3D2 /* ListItemsNavigator.m in Sources */,
				DEAE56741AADE32900D9C3D2 /* ItemDetailsViewController.m in Sources */,
				C83F28431A9D924A00E3DA7B /* Transaction.m in Sources */,
				C83F28601AA45BD300E3DA7B /* ListItemsViewController.m in Sources */,
				DEAE561B1A9B71B700D9C3D2 /* Item.m in Sources */,
				DEAE56651AADC57500D9C3D2 /* ItemDetailsPresenter.m in Sources */,
				C84622AF1A9AE10D00520FE1 /* JSONDataSource.m in Sources */,
				DEAE56361AAC176000D9C3D2 /* NavigatorFactory.m in Sources */,
				DE119D4C1A997FC700FEEBCB /* AppDelegate.m in Sources */,
				DEAE56281AA35A4900D9C3D2 /* DisplayListItem.m in Sources */,
				DEAE563B1AAC1A4C00D9C3D2 /* Navigator.m in Sources */,
				C83F28481A9D927C00E3DA7B /* ListItemsTransaction.m in Sources */,
				C84399E01AAE7FFD0084C73D /* SelectItemTransaction.m in Sources */,
				DEAE564C1AAC691E00D9C3D2 /* TransactionFactory.m in Sources */,
				C83F28571AA04CC900E3DA7B /* ListItemsPresenter.m in Sources */,
				DEAE567D1AADEFDA00D9C3D2 /* Presenter.m in Sources */,
				DEAE562B1AA5E7A900D9C3D2 /* Section.m in Sources */,
				C84622BD1A9AECFB00520FE1 /* ItemRepository.m in Sources */,
				DE119D491A997FC700FEEBCB /* main.m in Sources */,
			);
			runOnlyForDeploymentPostprocessing = 0;
		};
		DE119D581A997FC700FEEBCB /* Sources */ = {
			isa = PBXSourcesBuildPhase;
			buildActionMask = 2147483647;
			files = (
				DEAE56231AA352CC00D9C3D2 /* ListItemsViewControllerSpy.m in Sources */,
				DEAE566F1AADE2CC00D9C3D2 /* ItemDetailsViewControllerSpy.m in Sources */,
				C83F28531AA047C100E3DA7B /* ListItemsPresenterTests.m in Sources */,
				C83F28501A9E847700E3DA7B /* ListItemsTransactionSpy.m in Sources */,
				C84399CC1AAD7DBF0084C73D /* AppDelegateStub.m in Sources */,
				DEAE56311AAC171500D9C3D2 /* NavigatorFactorySpy.m in Sources */,
				DEAE566B1AADC71900D9C3D2 /* ItemDetailsPresenterTests.m in Sources */,
				C84622AC1A9ADF1D00520FE1 /* ItemRepositoryTests.m in Sources */,
				DEAE56551AAC775800D9C3D2 /* TransactionFactoryTests.m in Sources */,
				C84399D91AAD8CFD0084C73D /* ItemRepositoryStub.m in Sources */,
				DEAE565C1AAC875E00D9C3D2 /* NavigatorFactoryTests.m in Sources */,
				DEAE56601AADC54900D9C3D2 /* ItemDetailsPresenterSpy.m in Sources */,
				DEAE562D1AAC115300D9C3D2 /* AppDelegateTests.m in Sources */,
				DEAE56591AAC814A00D9C3D2 /* DataSourceSpy.m in Sources */,
				DEAE561F1AA202EF00D9C3D2 /* ListItemsPresenterSpy.m in Sources */,
				DEAE567A1AADE7CF00D9C3D2 /* ItemDetailsViewControllerTests.m in Sources */,
				DEAE56481AAC3E0300D9C3D2 /* NavigatorTests.m in Sources */,
				C84622B91A9AECC200520FE1 /* ItemRepositorySpy.m in Sources */,
				C83F285D1AA4585F00E3DA7B /* ListItemsViewControllerTests.m in Sources */,
				C84399F21AAEC4100084C73D /* SpyNavigatorFactory.m in Sources */,
				C83F28691AA8A03E00E3DA7B /* ListItemsCellTest.m in Sources */,
				C84399C81AA9926D0084C73D /* ListItemsCellDelegateSpy.m in Sources */,
				C84399EE1AAEC2660084C73D /* ListItemNavigatorTests.m in Sources */,
				DEAE56411AAC2EED00D9C3D2 /* NavigatorSpy.m in Sources */,
				DEAE56511AAC754700D9C3D2 /* SpyTransactionFactory.m in Sources */,
				C84399CF1AAD84DE0084C73D /* ItemDetailsTransactionTests.m in Sources */,
				C84399E41AAE80D10084C73D /* SelectItemTransactionSpy.m in Sources */,
				C84622B21A9AE12800520FE1 /* DataSourceTests.m in Sources */,
				C84399DC1AAE742C0084C73D /* ItemDetailsTransactionSpy.m in Sources */,
				C84399E81AAE86640084C73D /* SelectItemTransactionTests.m in Sources */,
			);
			runOnlyForDeploymentPostprocessing = 0;
		};
/* End PBXSourcesBuildPhase section */

/* Begin PBXTargetDependency section */
		DE119D5E1A997FC700FEEBCB /* PBXTargetDependency */ = {
			isa = PBXTargetDependency;
			target = DE119D421A997FC700FEEBCB /* CleanCart */;
			targetProxy = DE119D5D1A997FC700FEEBCB /* PBXContainerItemProxy */;
		};
/* End PBXTargetDependency section */

/* Begin PBXVariantGroup section */
		DE119D501A997FC700FEEBCB /* Main.storyboard */ = {
			isa = PBXVariantGroup;
			children = (
				DE119D511A997FC700FEEBCB /* Base */,
			);
			name = Main.storyboard;
			sourceTree = "<group>";
		};
		DE119D551A997FC700FEEBCB /* LaunchScreen.xib */ = {
			isa = PBXVariantGroup;
			children = (
				DE119D561A997FC700FEEBCB /* Base */,
			);
			name = LaunchScreen.xib;
			sourceTree = "<group>";
		};
/* End PBXVariantGroup section */

/* Begin XCBuildConfiguration section */
		DE119D641A997FC700FEEBCB /* Debug */ = {
			isa = XCBuildConfiguration;
			buildSettings = {
				ALWAYS_SEARCH_USER_PATHS = NO;
				CLANG_CXX_LANGUAGE_STANDARD = "gnu++0x";
				CLANG_CXX_LIBRARY = "libc++";
				CLANG_ENABLE_MODULES = YES;
				CLANG_ENABLE_OBJC_ARC = YES;
				CLANG_WARN_BOOL_CONVERSION = YES;
				CLANG_WARN_CONSTANT_CONVERSION = YES;
				CLANG_WARN_DIRECT_OBJC_ISA_USAGE = YES_ERROR;
				CLANG_WARN_EMPTY_BODY = YES;
				CLANG_WARN_ENUM_CONVERSION = YES;
				CLANG_WARN_INT_CONVERSION = YES;
				CLANG_WARN_OBJC_ROOT_CLASS = YES_ERROR;
				CLANG_WARN_UNREACHABLE_CODE = YES;
				CLANG_WARN__DUPLICATE_METHOD_MATCH = YES;
				"CODE_SIGN_IDENTITY[sdk=iphoneos*]" = "iPhone Developer";
				COPY_PHASE_STRIP = NO;
				ENABLE_STRICT_OBJC_MSGSEND = YES;
				GCC_C_LANGUAGE_STANDARD = gnu99;
				GCC_DYNAMIC_NO_PIC = NO;
				GCC_OPTIMIZATION_LEVEL = 0;
				GCC_PREPROCESSOR_DEFINITIONS = (
					"DEBUG=1",
					"$(inherited)",
				);
				GCC_SYMBOLS_PRIVATE_EXTERN = NO;
				GCC_WARN_64_TO_32_BIT_CONVERSION = YES;
				GCC_WARN_ABOUT_RETURN_TYPE = YES_ERROR;
				GCC_WARN_UNDECLARED_SELECTOR = YES;
				GCC_WARN_UNINITIALIZED_AUTOS = YES_AGGRESSIVE;
				GCC_WARN_UNUSED_FUNCTION = YES;
				GCC_WARN_UNUSED_VARIABLE = YES;
				IPHONEOS_DEPLOYMENT_TARGET = 8.1;
				MTL_ENABLE_DEBUG_INFO = YES;
				ONLY_ACTIVE_ARCH = YES;
				SDKROOT = iphoneos;
			};
			name = Debug;
		};
		DE119D651A997FC700FEEBCB /* Release */ = {
			isa = XCBuildConfiguration;
			buildSettings = {
				ALWAYS_SEARCH_USER_PATHS = NO;
				CLANG_CXX_LANGUAGE_STANDARD = "gnu++0x";
				CLANG_CXX_LIBRARY = "libc++";
				CLANG_ENABLE_MODULES = YES;
				CLANG_ENABLE_OBJC_ARC = YES;
				CLANG_WARN_BOOL_CONVERSION = YES;
				CLANG_WARN_CONSTANT_CONVERSION = YES;
				CLANG_WARN_DIRECT_OBJC_ISA_USAGE = YES_ERROR;
				CLANG_WARN_EMPTY_BODY = YES;
				CLANG_WARN_ENUM_CONVERSION = YES;
				CLANG_WARN_INT_CONVERSION = YES;
				CLANG_WARN_OBJC_ROOT_CLASS = YES_ERROR;
				CLANG_WARN_UNREACHABLE_CODE = YES;
				CLANG_WARN__DUPLICATE_METHOD_MATCH = YES;
				"CODE_SIGN_IDENTITY[sdk=iphoneos*]" = "iPhone Developer";
				COPY_PHASE_STRIP = YES;
				ENABLE_NS_ASSERTIONS = NO;
				ENABLE_STRICT_OBJC_MSGSEND = YES;
				GCC_C_LANGUAGE_STANDARD = gnu99;
				GCC_WARN_64_TO_32_BIT_CONVERSION = YES;
				GCC_WARN_ABOUT_RETURN_TYPE = YES_ERROR;
				GCC_WARN_UNDECLARED_SELECTOR = YES;
				GCC_WARN_UNINITIALIZED_AUTOS = YES_AGGRESSIVE;
				GCC_WARN_UNUSED_FUNCTION = YES;
				GCC_WARN_UNUSED_VARIABLE = YES;
				IPHONEOS_DEPLOYMENT_TARGET = 8.1;
				MTL_ENABLE_DEBUG_INFO = NO;
				SDKROOT = iphoneos;
				VALIDATE_PRODUCT = YES;
			};
			name = Release;
		};
		DE119D671A997FC700FEEBCB /* Debug */ = {
			isa = XCBuildConfiguration;
			buildSettings = {
				ASSETCATALOG_COMPILER_APPICON_NAME = AppIcon;
				INFOPLIST_FILE = CleanCart/Info.plist;
				LD_RUNPATH_SEARCH_PATHS = "$(inherited) @executable_path/Frameworks";
				PRODUCT_NAME = "$(TARGET_NAME)";
			};
			name = Debug;
		};
		DE119D681A997FC700FEEBCB /* Release */ = {
			isa = XCBuildConfiguration;
			buildSettings = {
				ASSETCATALOG_COMPILER_APPICON_NAME = AppIcon;
				INFOPLIST_FILE = CleanCart/Info.plist;
				LD_RUNPATH_SEARCH_PATHS = "$(inherited) @executable_path/Frameworks";
				PRODUCT_NAME = "$(TARGET_NAME)";
			};
			name = Release;
		};
		DE119D6A1A997FC700FEEBCB /* Debug */ = {
			isa = XCBuildConfiguration;
			buildSettings = {
				BUNDLE_LOADER = "$(TEST_HOST)";
				FRAMEWORK_SEARCH_PATHS = (
					"$(SDKROOT)/Developer/Library/Frameworks",
					"$(inherited)",
				);
				GCC_PREPROCESSOR_DEFINITIONS = (
					"DEBUG=1",
					"$(inherited)",
				);
				INFOPLIST_FILE = CleanCartTests/Info.plist;
				LD_RUNPATH_SEARCH_PATHS = "$(inherited) @executable_path/Frameworks @loader_path/Frameworks";
				PRODUCT_NAME = "$(TARGET_NAME)";
				TEST_HOST = "$(BUILT_PRODUCTS_DIR)/CleanCart.app/CleanCart";
			};
			name = Debug;
		};
		DE119D6B1A997FC700FEEBCB /* Release */ = {
			isa = XCBuildConfiguration;
			buildSettings = {
				BUNDLE_LOADER = "$(TEST_HOST)";
				FRAMEWORK_SEARCH_PATHS = (
					"$(SDKROOT)/Developer/Library/Frameworks",
					"$(inherited)",
				);
				INFOPLIST_FILE = CleanCartTests/Info.plist;
				LD_RUNPATH_SEARCH_PATHS = "$(inherited) @executable_path/Frameworks @loader_path/Frameworks";
				PRODUCT_NAME = "$(TARGET_NAME)";
				TEST_HOST = "$(BUILT_PRODUCTS_DIR)/CleanCart.app/CleanCart";
			};
			name = Release;
		};
/* End XCBuildConfiguration section */

/* Begin XCConfigurationList section */
		DE119D3E1A997FC700FEEBCB /* Build configuration list for PBXProject "CleanCart" */ = {
			isa = XCConfigurationList;
			buildConfigurations = (
				DE119D641A997FC700FEEBCB /* Debug */,
				DE119D651A997FC700FEEBCB /* Release */,
			);
			defaultConfigurationIsVisible = 0;
			defaultConfigurationName = Release;
		};
		DE119D661A997FC700FEEBCB /* Build configuration list for PBXNativeTarget "CleanCart" */ = {
			isa = XCConfigurationList;
			buildConfigurations = (
				DE119D671A997FC700FEEBCB /* Debug */,
				DE119D681A997FC700FEEBCB /* Release */,
			);
			defaultConfigurationIsVisible = 0;
			defaultConfigurationName = Release;
		};
		DE119D691A997FC700FEEBCB /* Build configuration list for PBXNativeTarget "CleanCartTests" */ = {
			isa = XCConfigurationList;
			buildConfigurations = (
				DE119D6A1A997FC700FEEBCB /* Debug */,
				DE119D6B1A997FC700FEEBCB /* Release */,
			);
			defaultConfigurationIsVisible = 0;
			defaultConfigurationName = Release;
		};
/* End XCConfigurationList section */
	};
	rootObject = DE119D3B1A997FC700FEEBCB /* Project object */;
}
